
Microsoft Visual Studio Solution File, Format Version 12.00
# Visual Studio Version 17
VisualStudioVersion = 17.7.34031.279
MinimumVisualStudioVersion = 10.0.40219.1
Project("{FAE04EC0-301F-11D3-BF4B-00C04F79EFBC}") = "StudentGrade", "StudentGrade.csproj", "{8C494CEC-D254-40EB-B546-F7D5DE3BBA80}"
EndProject
Global
	GlobalSection(SolutionConfigurationPlatforms) = preSolution
		Debug|Any CPU = Debug|Any CPU
		Release|Any CPU = Release|Any CPU
	EndGlobalSection
	GlobalSection(ProjectConfigurationPlatforms) = postSolution
		{8C494CEC-D254-40EB-B546-F7D5DE3BBA80}.Debug|Any CPU.ActiveCfg = Debug|Any CPU
		{8C494CEC-D254-40EB-B546-F7D5DE3BBA80}.Debug|Any CPU.Build.0 = Debug|Any CPU
		{8C494CEC-D254-40EB-B546-F7D5DE3BBA80}.Release|Any CPU.ActiveCfg = Release|Any CPU
		{8C494CEC-D254-40EB-B546-F7D5DE3BBA80}.Release|Any CPU.Build.0 = Release|Any CPU
	EndGlobalSection
	GlobalSection(SolutionProperties) = preSolution
		HideSolutionNode = FALSE
	EndGlobalSection
	GlobalSection(ExtensibilityGlobals) = postSolution
		SolutionGuid = {C4FF032E-6AB7-4EC7-9851-B5B601FF85DE}
	EndGlobalSection
EndGlobal
