
Microsoft Visual Studio Solution File, Format Version 12.00
# Visual Studio Version 17
VisualStudioVersion = 17.7.34031.279
MinimumVisualStudioVersion = 10.0.40219.1
Project("{FAE04EC0-301F-11D3-BF4B-00C04F79EFBC}") = "Calculator", "Calculator.csproj", "{4BDC0F97-6BA9-4BDD-9714-E441DA605716}"
EndProject
Global
	GlobalSection(SolutionConfigurationPlatforms) = preSolution
		Debug|Any CPU = Debug|Any CPU
		Release|Any CPU = Release|Any CPU
	EndGlobalSection
	GlobalSection(ProjectConfigurationPlatforms) = postSolution
		{4BDC0F97-6BA9-4BDD-9714-E441DA605716}.Debug|Any CPU.ActiveCfg = Debug|Any CPU
		{4BDC0F97-6BA9-4BDD-9714-E441DA605716}.Debug|Any CPU.Build.0 = Debug|Any CPU
		{4BDC0F97-6BA9-4BDD-9714-E441DA605716}.Release|Any CPU.ActiveCfg = Release|Any CPU
		{4BDC0F97-6BA9-4BDD-9714-E441DA605716}.Release|Any CPU.Build.0 = Release|Any CPU
	EndGlobalSection
	GlobalSection(SolutionProperties) = preSolution
		HideSolutionNode = FALSE
	EndGlobalSection
	GlobalSection(ExtensibilityGlobals) = postSolution
		SolutionGuid = {65401EB1-50A5-44FE-8537-BC3757235DBA}
	EndGlobalSection
EndGlobal
